// !$*UTF8*$!
{
	archiveVersion = 1;
	classes = {
	};
	objectVersion = 51;
	objects = {

/* Begin PBXBuildFile section */
		BC29FE5A26858E3A00DC43C5 /* ColorButton.swift in Sources */ = {isa = PBXBuildFile; fileRef = BC29FE5926858E3A00DC43C5 /* ColorButton.swift */; };
		BC29FE5C2685926C00DC43C5 /* ColorButtonView.swift in Sources */ = {isa = PBXBuildFile; fileRef = BC29FE5B2685926C00DC43C5 /* ColorButtonView.swift */; };
		BC29FE622688184900DC43C5 /* PresentationController.swift in Sources */ = {isa = PBXBuildFile; fileRef = BC29FE612688184900DC43C5 /* PresentationController.swift */; };
		BC29FE64268818D600DC43C5 /* CalendarViewController.swift in Sources */ = {isa = PBXBuildFile; fileRef = BC29FE63268818D600DC43C5 /* CalendarViewController.swift */; };
		BC29FE6626881B0E00DC43C5 /* HeaderViewController.swift in Sources */ = {isa = PBXBuildFile; fileRef = BC29FE6526881B0E00DC43C5 /* HeaderViewController.swift */; };
		BC29FE6C26886A5400DC43C5 /* Section.swift in Sources */ = {isa = PBXBuildFile; fileRef = BC29FE6B26886A5400DC43C5 /* Section.swift */; };
		BC29FE6E26886A7A00DC43C5 /* Entry.swift in Sources */ = {isa = PBXBuildFile; fileRef = BC29FE6D26886A7A00DC43C5 /* Entry.swift */; };
		BCC0E6252679B5ED00E12B3E /* AppDelegate.swift in Sources */ = {isa = PBXBuildFile; fileRef = BCC0E6242679B5ED00E12B3E /* AppDelegate.swift */; };
		BCC0E6272679B5ED00E12B3E /* SceneDelegate.swift in Sources */ = {isa = PBXBuildFile; fileRef = BCC0E6262679B5ED00E12B3E /* SceneDelegate.swift */; };
		BCC0E6292679B5ED00E12B3E /* HomeViewController.swift in Sources */ = {isa = PBXBuildFile; fileRef = BCC0E6282679B5ED00E12B3E /* HomeViewController.swift */; };
		BCC0E62F2679B5ED00E12B3E /* journal_app.xcdatamodeld in Sources */ = {isa = PBXBuildFile; fileRef = BCC0E62D2679B5ED00E12B3E /* journal_app.xcdatamodeld */; };
		BCC0E6312679B5EF00E12B3E /* Assets.xcassets in Resources */ = {isa = PBXBuildFile; fileRef = BCC0E6302679B5EF00E12B3E /* Assets.xcassets */; };
		BCC0E6342679B5EF00E12B3E /* LaunchScreen.storyboard in Resources */ = {isa = PBXBuildFile; fileRef = BCC0E6322679B5EF00E12B3E /* LaunchScreen.storyboard */; };
		BCC0E63F2679B9F100E12B3E /* SectionCell.swift in Sources */ = {isa = PBXBuildFile; fileRef = BCC0E63E2679B9F100E12B3E /* SectionCell.swift */; };
		BCC0E6442679BCD200E12B3E /* Theme.swift in Sources */ = {isa = PBXBuildFile; fileRef = BCC0E6432679BCD200E12B3E /* Theme.swift */; };
		BCC0E6462679CE5200E12B3E /* TabBarViewController.swift in Sources */ = {isa = PBXBuildFile; fileRef = BCC0E6452679CE5200E12B3E /* TabBarViewController.swift */; };
		BCC0E6482679D39F00E12B3E /* SettingsViewController.swift in Sources */ = {isa = PBXBuildFile; fileRef = BCC0E6472679D39F00E12B3E /* SettingsViewController.swift */; };
		BCC0E64E267AF8F300E12B3E /* MoodViewController.swift in Sources */ = {isa = PBXBuildFile; fileRef = BCC0E64D267AF8F300E12B3E /* MoodViewController.swift */; };
		BCC0E650267B23EF00E12B3E /* MoodChoicesView.swift in Sources */ = {isa = PBXBuildFile; fileRef = BCC0E64F267B23EF00E12B3E /* MoodChoicesView.swift */; };
		BCC0E652267B287600E12B3E /* MoodReasonView.swift in Sources */ = {isa = PBXBuildFile; fileRef = BCC0E651267B287600E12B3E /* MoodReasonView.swift */; };
		BCC0E656267BF88C00E12B3E /* NoSectionsView.swift in Sources */ = {isa = PBXBuildFile; fileRef = BCC0E655267BF88C00E12B3E /* NoSectionsView.swift */; };
		BCC0E658267C04AA00E12B3E /* AddSectionView.swift in Sources */ = {isa = PBXBuildFile; fileRef = BCC0E657267C04AA00E12B3E /* AddSectionView.swift */; };
		BCC0E65A267C204500E12B3E /* PopUpViewController.swift in Sources */ = {isa = PBXBuildFile; fileRef = BCC0E659267C204500E12B3E /* PopUpViewController.swift */; };
		BCC0E661267D950200E12B3E /* EntryView.swift in Sources */ = {isa = PBXBuildFile; fileRef = BCC0E660267D950200E12B3E /* EntryView.swift */; };
		BCC0E6652680106200E12B3E /* EditSectionView.swift in Sources */ = {isa = PBXBuildFile; fileRef = BCC0E6642680106200E12B3E /* EditSectionView.swift */; };
		BCC0E66C268033C000E12B3E /* Journal.swift in Sources */ = {isa = PBXBuildFile; fileRef = BCC0E66B268033C000E12B3E /* Journal.swift */; };
		C51F492A63CB6897FEAE3B81 /* Pods_journal_app.framework in Frameworks */ = {isa = PBXBuildFile; fileRef = B35FBB0E191D2F3F7B75A037 /* Pods_journal_app.framework */; };
/* End PBXBuildFile section */

/* Begin PBXFileReference section */
		0EB45959619E3689AA181534 /* Pods-journal-app.release.xcconfig */ = {isa = PBXFileReference; includeInIndex = 1; lastKnownFileType = text.xcconfig; name = "Pods-journal-app.release.xcconfig"; path = "Target Support Files/Pods-journal-app/Pods-journal-app.release.xcconfig"; sourceTree = "<group>"; };
		3662908F8808F3D661DB891E /* Pods-journal-app.debug.xcconfig */ = {isa = PBXFileReference; includeInIndex = 1; lastKnownFileType = text.xcconfig; name = "Pods-journal-app.debug.xcconfig"; path = "Target Support Files/Pods-journal-app/Pods-journal-app.debug.xcconfig"; sourceTree = "<group>"; };
		B35FBB0E191D2F3F7B75A037 /* Pods_journal_app.framework */ = {isa = PBXFileReference; explicitFileType = wrapper.framework; includeInIndex = 0; path = Pods_journal_app.framework; sourceTree = BUILT_PRODUCTS_DIR; };
		BC29FE5926858E3A00DC43C5 /* ColorButton.swift */ = {isa = PBXFileReference; lastKnownFileType = sourcecode.swift; path = ColorButton.swift; sourceTree = "<group>"; };
		BC29FE5B2685926C00DC43C5 /* ColorButtonView.swift */ = {isa = PBXFileReference; lastKnownFileType = sourcecode.swift; path = ColorButtonView.swift; sourceTree = "<group>"; };
		BC29FE612688184900DC43C5 /* PresentationController.swift */ = {isa = PBXFileReference; lastKnownFileType = sourcecode.swift; path = PresentationController.swift; sourceTree = "<group>"; };
		BC29FE63268818D600DC43C5 /* CalendarViewController.swift */ = {isa = PBXFileReference; lastKnownFileType = sourcecode.swift; path = CalendarViewController.swift; sourceTree = "<group>"; };
		BC29FE6526881B0E00DC43C5 /* HeaderViewController.swift */ = {isa = PBXFileReference; lastKnownFileType = sourcecode.swift; path = HeaderViewController.swift; sourceTree = "<group>"; };
		BC29FE6B26886A5400DC43C5 /* Section.swift */ = {isa = PBXFileReference; lastKnownFileType = sourcecode.swift; path = Section.swift; sourceTree = "<group>"; };
		BC29FE6D26886A7A00DC43C5 /* Entry.swift */ = {isa = PBXFileReference; lastKnownFileType = sourcecode.swift; path = Entry.swift; sourceTree = "<group>"; };
		BCC0E6212679B5ED00E12B3E /* journal-app.app */ = {isa = PBXFileReference; explicitFileType = wrapper.application; includeInIndex = 0; path = "journal-app.app"; sourceTree = BUILT_PRODUCTS_DIR; };
		BCC0E6242679B5ED00E12B3E /* AppDelegate.swift */ = {isa = PBXFileReference; lastKnownFileType = sourcecode.swift; path = AppDelegate.swift; sourceTree = "<group>"; };
		BCC0E6262679B5ED00E12B3E /* SceneDelegate.swift */ = {isa = PBXFileReference; lastKnownFileType = sourcecode.swift; path = SceneDelegate.swift; sourceTree = "<group>"; };
		BCC0E6282679B5ED00E12B3E /* HomeViewController.swift */ = {isa = PBXFileReference; lastKnownFileType = sourcecode.swift; path = HomeViewController.swift; sourceTree = "<group>"; };
		BCC0E62E2679B5ED00E12B3E /* journal_app.xcdatamodel */ = {isa = PBXFileReference; lastKnownFileType = wrapper.xcdatamodel; path = journal_app.xcdatamodel; sourceTree = "<group>"; };
		BCC0E6302679B5EF00E12B3E /* Assets.xcassets */ = {isa = PBXFileReference; lastKnownFileType = folder.assetcatalog; path = Assets.xcassets; sourceTree = "<group>"; };
		BCC0E6332679B5EF00E12B3E /* Base */ = {isa = PBXFileReference; lastKnownFileType = file.storyboard; name = Base; path = Base.lproj/LaunchScreen.storyboard; sourceTree = "<group>"; };
		BCC0E6352679B5EF00E12B3E /* Info.plist */ = {isa = PBXFileReference; lastKnownFileType = text.plist.xml; path = Info.plist; sourceTree = "<group>"; };
		BCC0E63E2679B9F100E12B3E /* SectionCell.swift */ = {isa = PBXFileReference; lastKnownFileType = sourcecode.swift; path = SectionCell.swift; sourceTree = "<group>"; };
		BCC0E6432679BCD200E12B3E /* Theme.swift */ = {isa = PBXFileReference; lastKnownFileType = sourcecode.swift; path = Theme.swift; sourceTree = "<group>"; };
		BCC0E6452679CE5200E12B3E /* TabBarViewController.swift */ = {isa = PBXFileReference; lastKnownFileType = sourcecode.swift; path = TabBarViewController.swift; sourceTree = "<group>"; };
		BCC0E6472679D39F00E12B3E /* SettingsViewController.swift */ = {isa = PBXFileReference; lastKnownFileType = sourcecode.swift; path = SettingsViewController.swift; sourceTree = "<group>"; };
		BCC0E64D267AF8F300E12B3E /* MoodViewController.swift */ = {isa = PBXFileReference; lastKnownFileType = sourcecode.swift; path = MoodViewController.swift; sourceTree = "<group>"; };
		BCC0E64F267B23EF00E12B3E /* MoodChoicesView.swift */ = {isa = PBXFileReference; lastKnownFileType = sourcecode.swift; path = MoodChoicesView.swift; sourceTree = "<group>"; };
		BCC0E651267B287600E12B3E /* MoodReasonView.swift */ = {isa = PBXFileReference; lastKnownFileType = sourcecode.swift; path = MoodReasonView.swift; sourceTree = "<group>"; };
		BCC0E655267BF88C00E12B3E /* NoSectionsView.swift */ = {isa = PBXFileReference; lastKnownFileType = sourcecode.swift; path = NoSectionsView.swift; sourceTree = "<group>"; };
		BCC0E657267C04AA00E12B3E /* AddSectionView.swift */ = {isa = PBXFileReference; lastKnownFileType = sourcecode.swift; path = AddSectionView.swift; sourceTree = "<group>"; };
		BCC0E659267C204500E12B3E /* PopUpViewController.swift */ = {isa = PBXFileReference; lastKnownFileType = sourcecode.swift; path = PopUpViewController.swift; sourceTree = "<group>"; };
		BCC0E660267D950200E12B3E /* EntryView.swift */ = {isa = PBXFileReference; lastKnownFileType = sourcecode.swift; path = EntryView.swift; sourceTree = "<group>"; };
		BCC0E6642680106200E12B3E /* EditSectionView.swift */ = {isa = PBXFileReference; lastKnownFileType = sourcecode.swift; path = EditSectionView.swift; sourceTree = "<group>"; };
		BCC0E66B268033C000E12B3E /* Journal.swift */ = {isa = PBXFileReference; lastKnownFileType = sourcecode.swift; path = Journal.swift; sourceTree = "<group>"; };
/* End PBXFileReference section */

/* Begin PBXFrameworksBuildPhase section */
		BCC0E61E2679B5ED00E12B3E /* Frameworks */ = {
			isa = PBXFrameworksBuildPhase;
			buildActionMask = 2147483647;
			files = (
				C51F492A63CB6897FEAE3B81 /* Pods_journal_app.framework in Frameworks */,
			);
			runOnlyForDeploymentPostprocessing = 0;
		};
/* End PBXFrameworksBuildPhase section */

/* Begin PBXGroup section */
		57F24E5DE8EAC7BDF32A118D /* Pods */ = {
			isa = PBXGroup;
			children = (
				3662908F8808F3D661DB891E /* Pods-journal-app.debug.xcconfig */,
				0EB45959619E3689AA181534 /* Pods-journal-app.release.xcconfig */,
			);
			path = Pods;
			sourceTree = "<group>";
		};
		A236B8F650398281AF7AC9A8 /* Frameworks */ = {
			isa = PBXGroup;
			children = (
				B35FBB0E191D2F3F7B75A037 /* Pods_journal_app.framework */,
			);
			name = Frameworks;
			sourceTree = "<group>";
		};
		BC29FE5D2685B2EF00DC43C5 /* Buttons */ = {
			isa = PBXGroup;
			children = (
				BC29FE5926858E3A00DC43C5 /* ColorButton.swift */,
			);
			path = Buttons;
			sourceTree = "<group>";
		};
		BC29FE5E2685B30100DC43C5 /* Views */ = {
			isa = PBXGroup;
			children = (
				BCC0E657267C04AA00E12B3E /* AddSectionView.swift */,
				BCC0E6642680106200E12B3E /* EditSectionView.swift */,
				BC29FE5B2685926C00DC43C5 /* ColorButtonView.swift */,
				BCC0E655267BF88C00E12B3E /* NoSectionsView.swift */,
				BCC0E660267D950200E12B3E /* EntryView.swift */,
				BCC0E651267B287600E12B3E /* MoodReasonView.swift */,
				BCC0E64F267B23EF00E12B3E /* MoodChoicesView.swift */,
			);
			path = Views;
			sourceTree = "<group>";
		};
		BC29FE6726883C9E00DC43C5 /* Calendar */ = {
			isa = PBXGroup;
			children = (
				BC29FE63268818D600DC43C5 /* CalendarViewController.swift */,
				BC29FE612688184900DC43C5 /* PresentationController.swift */,
				BC29FE6526881B0E00DC43C5 /* HeaderViewController.swift */,
			);
			path = Calendar;
			sourceTree = "<group>";
		};
		BCC0E6182679B5ED00E12B3E = {
			isa = PBXGroup;
			children = (
				BCC0E6232679B5ED00E12B3E /* journal-app */,
				BCC0E6222679B5ED00E12B3E /* Products */,
				57F24E5DE8EAC7BDF32A118D /* Pods */,
				A236B8F650398281AF7AC9A8 /* Frameworks */,
			);
			sourceTree = "<group>";
		};
		BCC0E6222679B5ED00E12B3E /* Products */ = {
			isa = PBXGroup;
			children = (
				BCC0E6212679B5ED00E12B3E /* journal-app.app */,
			);
			name = Products;
			sourceTree = "<group>";
		};
		BCC0E6232679B5ED00E12B3E /* journal-app */ = {
			isa = PBXGroup;
			children = (
				BCC0E66A268033A900E12B3E /* Models */,
				BCC0E63C2679B9AE00E12B3E /* ViewControllers */,
				BC29FE5E2685B30100DC43C5 /* Views */,
				BC29FE5D2685B2EF00DC43C5 /* Buttons */,
				BCC0E6422679BCBA00E12B3E /* Theme */,
				BCC0E63B2679B98B00E12B3E /* Config */,
				BCC0E6322679B5EF00E12B3E /* LaunchScreen.storyboard */,
				BCC0E6352679B5EF00E12B3E /* Info.plist */,
				BCC0E62D2679B5ED00E12B3E /* journal_app.xcdatamodeld */,
			);
			path = "journal-app";
			sourceTree = "<group>";
		};
		BCC0E63B2679B98B00E12B3E /* Config */ = {
			isa = PBXGroup;
			children = (
				BCC0E6302679B5EF00E12B3E /* Assets.xcassets */,
				BCC0E6262679B5ED00E12B3E /* SceneDelegate.swift */,
				BCC0E6242679B5ED00E12B3E /* AppDelegate.swift */,
			);
			path = Config;
			sourceTree = "<group>";
		};
		BCC0E63C2679B9AE00E12B3E /* ViewControllers */ = {
			isa = PBXGroup;
			children = (
				BC29FE6726883C9E00DC43C5 /* Calendar */,
				BCC0E65F267C487500E12B3E /* Pop Up */,
				BCC0E65E267C486000E12B3E /* Mood */,
				BCC0E65D267C482F00E12B3E /* Settings */,
				BCC0E65C267C481700E12B3E /* Tab Bar */,
				BCC0E65B267C47FF00E12B3E /* Home */,
			);
			path = ViewControllers;
			sourceTree = "<group>";
		};
		BCC0E6422679BCBA00E12B3E /* Theme */ = {
			isa = PBXGroup;
			children = (
				BCC0E6432679BCD200E12B3E /* Theme.swift */,
			);
			path = Theme;
			sourceTree = "<group>";
		};
		BCC0E65B267C47FF00E12B3E /* Home */ = {
			isa = PBXGroup;
			children = (
				BCC0E6282679B5ED00E12B3E /* HomeViewController.swift */,
				BCC0E63E2679B9F100E12B3E /* SectionCell.swift */,
			);
			path = Home;
			sourceTree = "<group>";
		};
		BCC0E65C267C481700E12B3E /* Tab Bar */ = {
			isa = PBXGroup;
			children = (
				BCC0E6452679CE5200E12B3E /* TabBarViewController.swift */,
			);
			path = "Tab Bar";
			sourceTree = "<group>";
		};
		BCC0E65D267C482F00E12B3E /* Settings */ = {
			isa = PBXGroup;
			children = (
				BCC0E6472679D39F00E12B3E /* SettingsViewController.swift */,
			);
			path = Settings;
			sourceTree = "<group>";
		};
		BCC0E65E267C486000E12B3E /* Mood */ = {
			isa = PBXGroup;
			children = (
				BCC0E64D267AF8F300E12B3E /* MoodViewController.swift */,
			);
			path = Mood;
			sourceTree = "<group>";
		};
		BCC0E65F267C487500E12B3E /* Pop Up */ = {
			isa = PBXGroup;
			children = (
				BCC0E659267C204500E12B3E /* PopUpViewController.swift */,
			);
			path = "Pop Up";
			sourceTree = "<group>";
		};
		BCC0E66A268033A900E12B3E /* Models */ = {
			isa = PBXGroup;
			children = (
				BCC0E66B268033C000E12B3E /* Journal.swift */,
				BC29FE6B26886A5400DC43C5 /* Section.swift */,
				BC29FE6D26886A7A00DC43C5 /* Entry.swift */,
			);
			path = Models;
			sourceTree = "<group>";
		};
/* End PBXGroup section */

/* Begin PBXNativeTarget section */
		BCC0E6202679B5ED00E12B3E /* journal-app */ = {
			isa = PBXNativeTarget;
			buildConfigurationList = BCC0E6382679B5EF00E12B3E /* Build configuration list for PBXNativeTarget "journal-app" */;
			buildPhases = (
				1C81DD0EE0C9A0DD3EB989BE /* [CP] Check Pods Manifest.lock */,
				BCC0E61D2679B5ED00E12B3E /* Sources */,
				BCC0E61E2679B5ED00E12B3E /* Frameworks */,
				BCC0E61F2679B5ED00E12B3E /* Resources */,
				63B10E24D48BD8A3424E4970 /* [CP] Embed Pods Frameworks */,
			);
			buildRules = (
			);
			dependencies = (
			);
			name = "journal-app";
			productName = "journal-app";
			productReference = BCC0E6212679B5ED00E12B3E /* journal-app.app */;
			productType = "com.apple.product-type.application";
		};
/* End PBXNativeTarget section */

/* Begin PBXProject section */
		BCC0E6192679B5ED00E12B3E /* Project object */ = {
			isa = PBXProject;
			attributes = {
				LastSwiftUpdateCheck = 1250;
				LastUpgradeCheck = 1250;
				TargetAttributes = {
					BCC0E6202679B5ED00E12B3E = {
						CreatedOnToolsVersion = 12.5;
					};
				};
			};
			buildConfigurationList = BCC0E61C2679B5ED00E12B3E /* Build configuration list for PBXProject "journal-app" */;
			compatibilityVersion = "Xcode 9.3";
			developmentRegion = en;
			hasScannedForEncodings = 0;
			knownRegions = (
				en,
				Base,
			);
			mainGroup = BCC0E6182679B5ED00E12B3E;
			productRefGroup = BCC0E6222679B5ED00E12B3E /* Products */;
			projectDirPath = "";
			projectRoot = "";
			targets = (
				BCC0E6202679B5ED00E12B3E /* journal-app */,
			);
		};
/* End PBXProject section */

/* Begin PBXResourcesBuildPhase section */
		BCC0E61F2679B5ED00E12B3E /* Resources */ = {
			isa = PBXResourcesBuildPhase;
			buildActionMask = 2147483647;
			files = (
				BCC0E6342679B5EF00E12B3E /* LaunchScreen.storyboard in Resources */,
				BCC0E6312679B5EF00E12B3E /* Assets.xcassets in Resources */,
			);
			runOnlyForDeploymentPostprocessing = 0;
		};
/* End PBXResourcesBuildPhase section */

/* Begin PBXShellScriptBuildPhase section */
		1C81DD0EE0C9A0DD3EB989BE /* [CP] Check Pods Manifest.lock */ = {
			isa = PBXShellScriptBuildPhase;
			buildActionMask = 2147483647;
			files = (
			);
			inputFileListPaths = (
			);
			inputPaths = (
				"${PODS_PODFILE_DIR_PATH}/Podfile.lock",
				"${PODS_ROOT}/Manifest.lock",
			);
			name = "[CP] Check Pods Manifest.lock";
			outputFileListPaths = (
			);
			outputPaths = (
				"$(DERIVED_FILE_DIR)/Pods-journal-app-checkManifestLockResult.txt",
			);
			runOnlyForDeploymentPostprocessing = 0;
			shellPath = /bin/sh;
			shellScript = "diff \"${PODS_PODFILE_DIR_PATH}/Podfile.lock\" \"${PODS_ROOT}/Manifest.lock\" > /dev/null\nif [ $? != 0 ] ; then\n    # print error to STDERR\n    echo \"error: The sandbox is not in sync with the Podfile.lock. Run 'pod install' or update your CocoaPods installation.\" >&2\n    exit 1\nfi\n# This output is used by Xcode 'outputs' to avoid re-running this script phase.\necho \"SUCCESS\" > \"${SCRIPT_OUTPUT_FILE_0}\"\n";
			showEnvVarsInLog = 0;
		};
		63B10E24D48BD8A3424E4970 /* [CP] Embed Pods Frameworks */ = {
			isa = PBXShellScriptBuildPhase;
			buildActionMask = 2147483647;
			files = (
			);
			inputFileListPaths = (
				"${PODS_ROOT}/Target Support Files/Pods-journal-app/Pods-journal-app-frameworks-${CONFIGURATION}-input-files.xcfilelist",
			);
			name = "[CP] Embed Pods Frameworks";
			outputFileListPaths = (
				"${PODS_ROOT}/Target Support Files/Pods-journal-app/Pods-journal-app-frameworks-${CONFIGURATION}-output-files.xcfilelist",
			);
			runOnlyForDeploymentPostprocessing = 0;
			shellPath = /bin/sh;
			shellScript = "\"${PODS_ROOT}/Target Support Files/Pods-journal-app/Pods-journal-app-frameworks.sh\"\n";
			showEnvVarsInLog = 0;
		};
/* End PBXShellScriptBuildPhase section */

/* Begin PBXSourcesBuildPhase section */
		BCC0E61D2679B5ED00E12B3E /* Sources */ = {
			isa = PBXSourcesBuildPhase;
			buildActionMask = 2147483647;
			files = (
				BC29FE6E26886A7A00DC43C5 /* Entry.swift in Sources */,
				BCC0E6462679CE5200E12B3E /* TabBarViewController.swift in Sources */,
				BCC0E658267C04AA00E12B3E /* AddSectionView.swift in Sources */,
				BC29FE622688184900DC43C5 /* PresentationController.swift in Sources */,
				BC29FE5A26858E3A00DC43C5 /* ColorButton.swift in Sources */,
				BCC0E6442679BCD200E12B3E /* Theme.swift in Sources */,
				BCC0E66C268033C000E12B3E /* Journal.swift in Sources */,
				BC29FE6626881B0E00DC43C5 /* HeaderViewController.swift in Sources */,
				BCC0E652267B287600E12B3E /* MoodReasonView.swift in Sources */,
				BCC0E6292679B5ED00E12B3E /* HomeViewController.swift in Sources */,
				BCC0E64E267AF8F300E12B3E /* MoodViewController.swift in Sources */,
				BCC0E6252679B5ED00E12B3E /* AppDelegate.swift in Sources */,
				BCC0E661267D950200E12B3E /* EntryView.swift in Sources */,
				BC29FE5C2685926C00DC43C5 /* ColorButtonView.swift in Sources */,
				BCC0E6652680106200E12B3E /* EditSectionView.swift in Sources */,
				BC29FE64268818D600DC43C5 /* CalendarViewController.swift in Sources */,
				BC29FE6C26886A5400DC43C5 /* Section.swift in Sources */,
				BCC0E6272679B5ED00E12B3E /* SceneDelegate.swift in Sources */,
				BCC0E65A267C204500E12B3E /* PopUpViewController.swift in Sources */,
				BCC0E656267BF88C00E12B3E /* NoSectionsView.swift in Sources */,
				BCC0E63F2679B9F100E12B3E /* SectionCell.swift in Sources */,
				BCC0E62F2679B5ED00E12B3E /* journal_app.xcdatamodeld in Sources */,
				BCC0E650267B23EF00E12B3E /* MoodChoicesView.swift in Sources */,
				BCC0E6482679D39F00E12B3E /* SettingsViewController.swift in Sources */,
			);
			runOnlyForDeploymentPostprocessing = 0;
		};
/* End PBXSourcesBuildPhase section */

/* Begin PBXVariantGroup section */
		BCC0E6322679B5EF00E12B3E /* LaunchScreen.storyboard */ = {
			isa = PBXVariantGroup;
			children = (
				BCC0E6332679B5EF00E12B3E /* Base */,
			);
			name = LaunchScreen.storyboard;
			sourceTree = "<group>";
		};
/* End PBXVariantGroup section */

/* Begin XCBuildConfiguration section */
		BCC0E6362679B5EF00E12B3E /* Debug */ = {
			isa = XCBuildConfiguration;
			buildSettings = {
				ALWAYS_SEARCH_USER_PATHS = NO;
				CLANG_ANALYZER_NONNULL = YES;
				CLANG_ANALYZER_NUMBER_OBJECT_CONVERSION = YES_AGGRESSIVE;
				CLANG_CXX_LANGUAGE_STANDARD = "gnu++14";
				CLANG_CXX_LIBRARY = "libc++";
				CLANG_ENABLE_MODULES = YES;
				CLANG_ENABLE_OBJC_ARC = YES;
				CLANG_ENABLE_OBJC_WEAK = YES;
				CLANG_WARN_BLOCK_CAPTURE_AUTORELEASING = YES;
				CLANG_WARN_BOOL_CONVERSION = YES;
				CLANG_WARN_COMMA = YES;
				CLANG_WARN_CONSTANT_CONVERSION = YES;
				CLANG_WARN_DEPRECATED_OBJC_IMPLEMENTATIONS = YES;
				CLANG_WARN_DIRECT_OBJC_ISA_USAGE = YES_ERROR;
				CLANG_WARN_DOCUMENTATION_COMMENTS = YES;
				CLANG_WARN_EMPTY_BODY = YES;
				CLANG_WARN_ENUM_CONVERSION = YES;
				CLANG_WARN_INFINITE_RECURSION = YES;
				CLANG_WARN_INT_CONVERSION = YES;
				CLANG_WARN_NON_LITERAL_NULL_CONVERSION = YES;
				CLANG_WARN_OBJC_IMPLICIT_RETAIN_SELF = YES;
				CLANG_WARN_OBJC_LITERAL_CONVERSION = YES;
				CLANG_WARN_OBJC_ROOT_CLASS = YES_ERROR;
				CLANG_WARN_QUOTED_INCLUDE_IN_FRAMEWORK_HEADER = YES;
				CLANG_WARN_RANGE_LOOP_ANALYSIS = YES;
				CLANG_WARN_STRICT_PROTOTYPES = YES;
				CLANG_WARN_SUSPICIOUS_MOVE = YES;
				CLANG_WARN_UNGUARDED_AVAILABILITY = YES_AGGRESSIVE;
				CLANG_WARN_UNREACHABLE_CODE = YES;
				CLANG_WARN__DUPLICATE_METHOD_MATCH = YES;
				COPY_PHASE_STRIP = NO;
				DEBUG_INFORMATION_FORMAT = dwarf;
				ENABLE_STRICT_OBJC_MSGSEND = YES;
				ENABLE_TESTABILITY = YES;
				GCC_C_LANGUAGE_STANDARD = gnu11;
				GCC_DYNAMIC_NO_PIC = NO;
				GCC_NO_COMMON_BLOCKS = YES;
				GCC_OPTIMIZATION_LEVEL = 0;
				GCC_PREPROCESSOR_DEFINITIONS = (
					"DEBUG=1",
					"$(inherited)",
				);
				GCC_WARN_64_TO_32_BIT_CONVERSION = YES;
				GCC_WARN_ABOUT_RETURN_TYPE = YES_ERROR;
				GCC_WARN_UNDECLARED_SELECTOR = YES;
				GCC_WARN_UNINITIALIZED_AUTOS = YES_AGGRESSIVE;
				GCC_WARN_UNUSED_FUNCTION = YES;
				GCC_WARN_UNUSED_VARIABLE = YES;
				IPHONEOS_DEPLOYMENT_TARGET = 14.5;
				MTL_ENABLE_DEBUG_INFO = INCLUDE_SOURCE;
				MTL_FAST_MATH = YES;
				ONLY_ACTIVE_ARCH = YES;
				SDKROOT = iphoneos;
				SWIFT_ACTIVE_COMPILATION_CONDITIONS = DEBUG;
				SWIFT_OPTIMIZATION_LEVEL = "-Onone";
			};
			name = Debug;
		};
		BCC0E6372679B5EF00E12B3E /* Release */ = {
			isa = XCBuildConfiguration;
			buildSettings = {
				ALWAYS_SEARCH_USER_PATHS = NO;
				CLANG_ANALYZER_NONNULL = YES;
				CLANG_ANALYZER_NUMBER_OBJECT_CONVERSION = YES_AGGRESSIVE;
				CLANG_CXX_LANGUAGE_STANDARD = "gnu++14";
				CLANG_CXX_LIBRARY = "libc++";
				CLANG_ENABLE_MODULES = YES;
				CLANG_ENABLE_OBJC_ARC = YES;
				CLANG_ENABLE_OBJC_WEAK = YES;
				CLANG_WARN_BLOCK_CAPTURE_AUTORELEASING = YES;
				CLANG_WARN_BOOL_CONVERSION = YES;
				CLANG_WARN_COMMA = YES;
				CLANG_WARN_CONSTANT_CONVERSION = YES;
				CLANG_WARN_DEPRECATED_OBJC_IMPLEMENTATIONS = YES;
				CLANG_WARN_DIRECT_OBJC_ISA_USAGE = YES_ERROR;
				CLANG_WARN_DOCUMENTATION_COMMENTS = YES;
				CLANG_WARN_EMPTY_BODY = YES;
				CLANG_WARN_ENUM_CONVERSION = YES;
				CLANG_WARN_INFINITE_RECURSION = YES;
				CLANG_WARN_INT_CONVERSION = YES;
				CLANG_WARN_NON_LITERAL_NULL_CONVERSION = YES;
				CLANG_WARN_OBJC_IMPLICIT_RETAIN_SELF = YES;
				CLANG_WARN_OBJC_LITERAL_CONVERSION = YES;
				CLANG_WARN_OBJC_ROOT_CLASS = YES_ERROR;
				CLANG_WARN_QUOTED_INCLUDE_IN_FRAMEWORK_HEADER = YES;
				CLANG_WARN_RANGE_LOOP_ANALYSIS = YES;
				CLANG_WARN_STRICT_PROTOTYPES = YES;
				CLANG_WARN_SUSPICIOUS_MOVE = YES;
				CLANG_WARN_UNGUARDED_AVAILABILITY = YES_AGGRESSIVE;
				CLANG_WARN_UNREACHABLE_CODE = YES;
				CLANG_WARN__DUPLICATE_METHOD_MATCH = YES;
				COPY_PHASE_STRIP = NO;
				DEBUG_INFORMATION_FORMAT = "dwarf-with-dsym";
				ENABLE_NS_ASSERTIONS = NO;
				ENABLE_STRICT_OBJC_MSGSEND = YES;
				GCC_C_LANGUAGE_STANDARD = gnu11;
				GCC_NO_COMMON_BLOCKS = YES;
				GCC_WARN_64_TO_32_BIT_CONVERSION = YES;
				GCC_WARN_ABOUT_RETURN_TYPE = YES_ERROR;
				GCC_WARN_UNDECLARED_SELECTOR = YES;
				GCC_WARN_UNINITIALIZED_AUTOS = YES_AGGRESSIVE;
				GCC_WARN_UNUSED_FUNCTION = YES;
				GCC_WARN_UNUSED_VARIABLE = YES;
				IPHONEOS_DEPLOYMENT_TARGET = 14.5;
				MTL_ENABLE_DEBUG_INFO = NO;
				MTL_FAST_MATH = YES;
				SDKROOT = iphoneos;
				SWIFT_COMPILATION_MODE = wholemodule;
				SWIFT_OPTIMIZATION_LEVEL = "-O";
				VALIDATE_PRODUCT = YES;
			};
			name = Release;
		};
		BCC0E6392679B5EF00E12B3E /* Debug */ = {
			isa = XCBuildConfiguration;
			baseConfigurationReference = 3662908F8808F3D661DB891E /* Pods-journal-app.debug.xcconfig */;
			buildSettings = {
				ASSETCATALOG_COMPILER_APPICON_NAME = AppIcon;
				ASSETCATALOG_COMPILER_GLOBAL_ACCENT_COLOR_NAME = AccentColor;
				CODE_SIGN_STYLE = Automatic;
				DEVELOPMENT_TEAM = ELWJ3MGU37;
				INFOPLIST_FILE = "journal-app/Info.plist";
				IPHONEOS_DEPLOYMENT_TARGET = 14.1;
				LD_RUNPATH_SEARCH_PATHS = (
					"$(inherited)",
					"@executable_path/Frameworks",
				);
				PRODUCT_BUNDLE_IDENTIFIER = "christellenieves.journal-app";
				PRODUCT_NAME = "$(TARGET_NAME)";
				SWIFT_VERSION = 5.0;
				TARGETED_DEVICE_FAMILY = "1,2";
			};
			name = Debug;
		};
		BCC0E63A2679B5EF00E12B3E /* Release */ = {
			isa = XCBuildConfiguration;
			baseConfigurationReference = 0EB45959619E3689AA181534 /* Pods-journal-app.release.xcconfig */;
			buildSettings = {
				ASSETCATALOG_COMPILER_APPICON_NAME = AppIcon;
				ASSETCATALOG_COMPILER_GLOBAL_ACCENT_COLOR_NAME = AccentColor;
				CODE_SIGN_STYLE = Automatic;
				DEVELOPMENT_TEAM = ELWJ3MGU37;
				INFOPLIST_FILE = "journal-app/Info.plist";
				IPHONEOS_DEPLOYMENT_TARGET = 14.1;
				LD_RUNPATH_SEARCH_PATHS = (
					"$(inherited)",
					"@executable_path/Frameworks",
				);
				PRODUCT_BUNDLE_IDENTIFIER = "christellenieves.journal-app";
				PRODUCT_NAME = "$(TARGET_NAME)";
				SWIFT_VERSION = 5.0;
				TARGETED_DEVICE_FAMILY = "1,2";
			};
			name = Release;
		};
/* End XCBuildConfiguration section */

/* Begin XCConfigurationList section */
		BCC0E61C2679B5ED00E12B3E /* Build configuration list for PBXProject "journal-app" */ = {
			isa = XCConfigurationList;
			buildConfigurations = (
				BCC0E6362679B5EF00E12B3E /* Debug */,
				BCC0E6372679B5EF00E12B3E /* Release */,
			);
			defaultConfigurationIsVisible = 0;
			defaultConfigurationName = Release;
		};
		BCC0E6382679B5EF00E12B3E /* Build configuration list for PBXNativeTarget "journal-app" */ = {
			isa = XCConfigurationList;
			buildConfigurations = (
				BCC0E6392679B5EF00E12B3E /* Debug */,
				BCC0E63A2679B5EF00E12B3E /* Release */,
			);
			defaultConfigurationIsVisible = 0;
			defaultConfigurationName = Release;
		};
/* End XCConfigurationList section */

/* Begin XCVersionGroup section */
		BCC0E62D2679B5ED00E12B3E /* journal_app.xcdatamodeld */ = {
			isa = XCVersionGroup;
			children = (
				BCC0E62E2679B5ED00E12B3E /* journal_app.xcdatamodel */,
			);
			currentVersion = BCC0E62E2679B5ED00E12B3E /* journal_app.xcdatamodel */;
			path = journal_app.xcdatamodeld;
			sourceTree = "<group>";
			versionGroupType = wrapper.xcdatamodel;
		};
/* End XCVersionGroup section */
	};
	rootObject = BCC0E6192679B5ED00E12B3E /* Project object */;
}
